PODS:
  - XHCloudTalk (1.0.9):
    - XHCloudTalk/Core (= 1.0.9)
    - XHCloudTalk/Private (= 1.0.9)
    - XHCloudTalk/Util (= 1.0.9)
  - XHCloudTalk/Core (1.0.9):
    - XHCloudTalk/Core/SubCore (= 1.0.9)
  - XHCloudTalk/Core/SubCore (1.0.9)
  - XHCloudTalk/Private (1.0.9):
    - XHCloudTalk/Private/SubPrivate (= 1.0.9)
  - XHCloudTalk/Private/SubPrivate (1.0.9)
  - XHCloudTalk/Util (1.0.9):
    - XHCloudTalk/Util/SubUtil (= 1.0.9)
  - XHCloudTalk/Util/SubUtil (1.0.9)

DEPENDENCIES:
  - XHCloudTalk (from `../`)

EXTERNAL SOURCES:
  XHCloudTalk:
    :path: "../"

SPEC CHECKSUMS:
  XHCloudTalk: 2105b0e4d94ef13def2fb4d2d5b5edb9c009846e

PODFILE CHECKSUM: 3d9fd46ca615f096a7bad82c135f5cb75fb2f83c

COCOAPODS: 1.10.0
