// !$*UTF8*$!
{
	archiveVersion = 1;
	classes = {
	};
	objectVersion = 50;
	objects = {

/* Begin PBXBuildFile section */
		F53CDDA925A561B500C2ED46 /* CloudTalkManager.m in Sources */ = {isa = PBXBuildFile; fileRef = F53CDDA825A561B500C2ED46 /* CloudTalkManager.m */; };
		F53CDDB625A5659300C2ED46 /* CloudTalkTest.swift in Sources */ = {isa = PBXBuildFile; fileRef = F53CDDB525A5659300C2ED46 /* CloudTalkTest.swift */; };
		F55CA8F325A43BF7001A1F03 /* AppDelegate.swift in Sources */ = {isa = PBXBuildFile; fileRef = F55CA8F225A43BF7001A1F03 /* AppDelegate.swift */; };
		F55CA8F525A43BF7001A1F03 /* SceneDelegate.swift in Sources */ = {isa = PBXBuildFile; fileRef = F55CA8F425A43BF7001A1F03 /* SceneDelegate.swift */; };
		F55CA8F725A43BF7001A1F03 /* ViewController.swift in Sources */ = {isa = PBXBuildFile; fileRef = F55CA8F625A43BF7001A1F03 /* ViewController.swift */; };
		F55CA8FA25A43BF7001A1F03 /* Main.storyboard in Resources */ = {isa = PBXBuildFile; fileRef = F55CA8F825A43BF7001A1F03 /* Main.storyboard */; };
		F55CA8FC25A43BF8001A1F03 /* Assets.xcassets in Resources */ = {isa = PBXBuildFile; fileRef = F55CA8FB25A43BF8001A1F03 /* Assets.xcassets */; };
		F55CA8FF25A43BF8001A1F03 /* LaunchScreen.storyboard in Resources */ = {isa = PBXBuildFile; fileRef = F55CA8FD25A43BF8001A1F03 /* LaunchScreen.storyboard */; };
/* End PBXBuildFile section */

/* Begin PBXFileReference section */
		F53CDDA525A561B500C2ED46 /* CloudTalkHeader.h */ = {isa = PBXFileReference; fileEncoding = 4; lastKnownFileType = sourcecode.c.h; path = CloudTalkHeader.h; sourceTree = "<group>"; };
		F53CDDA725A561B500C2ED46 /* CloudTalkManager.h */ = {isa = PBXFileReference; fileEncoding = 4; lastKnownFileType = sourcecode.c.h; path = CloudTalkManager.h; sourceTree = "<group>"; };
		F53CDDA825A561B500C2ED46 /* CloudTalkManager.m */ = {isa = PBXFileReference; fileEncoding = 4; lastKnownFileType = sourcecode.c.objc; path = CloudTalkManager.m; sourceTree = "<group>"; };
		F53CDDB525A5659300C2ED46 /* CloudTalkTest.swift */ = {isa = PBXFileReference; lastKnownFileType = sourcecode.swift; path = CloudTalkTest.swift; sourceTree = "<group>"; };
		F53CDDB825A567A500C2ED46 /* XHCloudTalk.h */ = {isa = PBXFileReference; lastKnownFileType = sourcecode.c.h; path = XHCloudTalk.h; sourceTree = "<group>"; };
		F55CA8EF25A43BF7001A1F03 /* XHCloudTalk.app */ = {isa = PBXFileReference; explicitFileType = wrapper.application; includeInIndex = 0; path = XHCloudTalk.app; sourceTree = BUILT_PRODUCTS_DIR; };
		F55CA8F225A43BF7001A1F03 /* AppDelegate.swift */ = {isa = PBXFileReference; lastKnownFileType = sourcecode.swift; path = AppDelegate.swift; sourceTree = "<group>"; };
		F55CA8F425A43BF7001A1F03 /* SceneDelegate.swift */ = {isa = PBXFileReference; lastKnownFileType = sourcecode.swift; path = SceneDelegate.swift; sourceTree = "<group>"; };
		F55CA8F625A43BF7001A1F03 /* ViewController.swift */ = {isa = PBXFileReference; lastKnownFileType = sourcecode.swift; path = ViewController.swift; sourceTree = "<group>"; };
		F55CA8F925A43BF7001A1F03 /* Base */ = {isa = PBXFileReference; lastKnownFileType = file.storyboard; name = Base; path = Base.lproj/Main.storyboard; sourceTree = "<group>"; };
		F55CA8FB25A43BF8001A1F03 /* Assets.xcassets */ = {isa = PBXFileReference; lastKnownFileType = folder.assetcatalog; path = Assets.xcassets; sourceTree = "<group>"; };
		F55CA8FE25A43BF8001A1F03 /* Base */ = {isa = PBXFileReference; lastKnownFileType = file.storyboard; name = Base; path = Base.lproj/LaunchScreen.storyboard; sourceTree = "<group>"; };
		F55CA90025A43BF8001A1F03 /* Info.plist */ = {isa = PBXFileReference; lastKnownFileType = text.plist.xml; path = Info.plist; sourceTree = "<group>"; };
/* End PBXFileReference section */

/* Begin PBXFrameworksBuildPhase section */
		F55CA8EC25A43BF7001A1F03 /* Frameworks */ = {
			isa = PBXFrameworksBuildPhase;
			buildActionMask = 2147483647;
			files = (
			);
			runOnlyForDeploymentPostprocessing = 0;
		};
/* End PBXFrameworksBuildPhase section */

/* Begin PBXGroup section */
		F53CDDA625A561B500C2ED46 /* Source */ = {
			isa = PBXGroup;
			children = (
				F53CDDA725A561B500C2ED46 /* CloudTalkManager.h */,
				F53CDDA825A561B500C2ED46 /* CloudTalkManager.m */,
				F53CDDB525A5659300C2ED46 /* CloudTalkTest.swift */,
			);
			path = Source;
			sourceTree = "<group>";
		};
		F55CA8E625A43BF7001A1F03 = {
			isa = PBXGroup;
			children = (
				F55CA8F125A43BF7001A1F03 /* XHCloudTalk */,
				F55CA8F025A43BF7001A1F03 /* Products */,
			);
			sourceTree = "<group>";
		};
		F55CA8F025A43BF7001A1F03 /* Products */ = {
			isa = PBXGroup;
			children = (
				F55CA8EF25A43BF7001A1F03 /* XHCloudTalk.app */,
			);
			name = Products;
			sourceTree = "<group>";
		};
		F55CA8F125A43BF7001A1F03 /* XHCloudTalk */ = {
			isa = PBXGroup;
			children = (
				F53CDDA525A561B500C2ED46 /* CloudTalkHeader.h */,
				F53CDDA625A561B500C2ED46 /* Source */,
				F55CA8F225A43BF7001A1F03 /* AppDelegate.swift */,
				F55CA8F425A43BF7001A1F03 /* SceneDelegate.swift */,
				F55CA8F625A43BF7001A1F03 /* ViewController.swift */,
				F55CA8F825A43BF7001A1F03 /* Main.storyboard */,
				F55CA8FB25A43BF8001A1F03 /* Assets.xcassets */,
				F55CA8FD25A43BF8001A1F03 /* LaunchScreen.storyboard */,
				F55CA90025A43BF8001A1F03 /* Info.plist */,
				F53CDDB825A567A500C2ED46 /* XHCloudTalk.h */,
			);
			path = XHCloudTalk;
			sourceTree = "<group>";
		};
/* End PBXGroup section */

/* Begin PBXNativeTarget section */
		F55CA8EE25A43BF7001A1F03 /* XHCloudTalk */ = {
			isa = PBXNativeTarget;
			buildConfigurationList = F55CA90325A43BF8001A1F03 /* Build configuration list for PBXNativeTarget "XHCloudTalk" */;
			buildPhases = (
				F55CA8EB25A43BF7001A1F03 /* Sources */,
				F55CA8EC25A43BF7001A1F03 /* Frameworks */,
				F55CA8ED25A43BF7001A1F03 /* Resources */,
			);
			buildRules = (
			);
			dependencies = (
			);
			name = XHCloudTalk;
			productName = XHCloudTalk;
			productReference = F55CA8EF25A43BF7001A1F03 /* XHCloudTalk.app */;
			productType = "com.apple.product-type.application";
		};
/* End PBXNativeTarget section */

/* Begin PBXProject section */
		F55CA8E725A43BF7001A1F03 /* Project object */ = {
			isa = PBXProject;
			attributes = {
				LastSwiftUpdateCheck = 1230;
				LastUpgradeCheck = 1230;
				TargetAttributes = {
					F55CA8EE25A43BF7001A1F03 = {
						CreatedOnToolsVersion = 12.3;
					};
				};
			};
			buildConfigurationList = F55CA8EA25A43BF7001A1F03 /* Build configuration list for PBXProject "XHCloudTalk" */;
			compatibilityVersion = "Xcode 9.3";
			developmentRegion = en;
			hasScannedForEncodings = 0;
			knownRegions = (
				en,
				Base,
			);
			mainGroup = F55CA8E625A43BF7001A1F03;
			productRefGroup = F55CA8F025A43BF7001A1F03 /* Products */;
			projectDirPath = "";
			projectRoot = "";
			targets = (
				F55CA8EE25A43BF7001A1F03 /* XHCloudTalk */,
			);
		};
/* End PBXProject section */

/* Begin PBXResourcesBuildPhase section */
		F55CA8ED25A43BF7001A1F03 /* Resources */ = {
			isa = PBXResourcesBuildPhase;
			buildActionMask = 2147483647;
			files = (
				F55CA8FF25A43BF8001A1F03 /* LaunchScreen.storyboard in Resources */,
				F55CA8FC25A43BF8001A1F03 /* Assets.xcassets in Resources */,
				F55CA8FA25A43BF7001A1F03 /* Main.storyboard in Resources */,
			);
			runOnlyForDeploymentPostprocessing = 0;
		};
/* End PBXResourcesBuildPhase section */

/* Begin PBXSourcesBuildPhase section */
		F55CA8EB25A43BF7001A1F03 /* Sources */ = {
			isa = PBXSourcesBuildPhase;
			buildActionMask = 2147483647;
			files = (
				F55CA8F725A43BF7001A1F03 /* ViewController.swift in Sources */,
				F55CA8F325A43BF7001A1F03 /* AppDelegate.swift in Sources */,
				F53CDDB625A5659300C2ED46 /* CloudTalkTest.swift in Sources */,
				F55CA8F525A43BF7001A1F03 /* SceneDelegate.swift in Sources */,
				F53CDDA925A561B500C2ED46 /* CloudTalkManager.m in Sources */,
			);
			runOnlyForDeploymentPostprocessing = 0;
		};
/* End PBXSourcesBuildPhase section */

/* Begin PBXVariantGroup section */
		F55CA8F825A43BF7001A1F03 /* Main.storyboard */ = {
			isa = PBXVariantGroup;
			children = (
				F55CA8F925A43BF7001A1F03 /* Base */,
			);
			name = Main.storyboard;
			sourceTree = "<group>";
		};
		F55CA8FD25A43BF8001A1F03 /* LaunchScreen.storyboard */ = {
			isa = PBXVariantGroup;
			children = (
				F55CA8FE25A43BF8001A1F03 /* Base */,
			);
			name = LaunchScreen.storyboard;
			sourceTree = "<group>";
		};
/* End PBXVariantGroup section */

/* Begin XCBuildConfiguration section */
		F55CA90125A43BF8001A1F03 /* Debug */ = {
			isa = XCBuildConfiguration;
			buildSettings = {
				ALWAYS_SEARCH_USER_PATHS = NO;
				CLANG_ANALYZER_NONNULL = YES;
				CLANG_ANALYZER_NUMBER_OBJECT_CONVERSION = YES_AGGRESSIVE;
				CLANG_CXX_LANGUAGE_STANDARD = "gnu++14";
				CLANG_CXX_LIBRARY = "libc++";
				CLANG_ENABLE_MODULES = YES;
				CLANG_ENABLE_OBJC_ARC = YES;
				CLANG_ENABLE_OBJC_WEAK = YES;
				CLANG_WARN_BLOCK_CAPTURE_AUTORELEASING = YES;
				CLANG_WARN_BOOL_CONVERSION = YES;
				CLANG_WARN_COMMA = YES;
				CLANG_WARN_CONSTANT_CONVERSION = YES;
				CLANG_WARN_DEPRECATED_OBJC_IMPLEMENTATIONS = YES;
				CLANG_WARN_DIRECT_OBJC_ISA_USAGE = YES_ERROR;
				CLANG_WARN_DOCUMENTATION_COMMENTS = YES;
				CLANG_WARN_EMPTY_BODY = YES;
				CLANG_WARN_ENUM_CONVERSION = YES;
				CLANG_WARN_INFINITE_RECURSION = YES;
				CLANG_WARN_INT_CONVERSION = YES;
				CLANG_WARN_NON_LITERAL_NULL_CONVERSION = YES;
				CLANG_WARN_OBJC_IMPLICIT_RETAIN_SELF = YES;
				CLANG_WARN_OBJC_LITERAL_CONVERSION = YES;
				CLANG_WARN_OBJC_ROOT_CLASS = YES_ERROR;
				CLANG_WARN_QUOTED_INCLUDE_IN_FRAMEWORK_HEADER = YES;
				CLANG_WARN_RANGE_LOOP_ANALYSIS = YES;
				CLANG_WARN_STRICT_PROTOTYPES = YES;
				CLANG_WARN_SUSPICIOUS_MOVE = YES;
				CLANG_WARN_UNGUARDED_AVAILABILITY = YES_AGGRESSIVE;
				CLANG_WARN_UNREACHABLE_CODE = YES;
				CLANG_WARN__DUPLICATE_METHOD_MATCH = YES;
				COPY_PHASE_STRIP = NO;
				DEBUG_INFORMATION_FORMAT = dwarf;
				ENABLE_STRICT_OBJC_MSGSEND = YES;
				ENABLE_TESTABILITY = YES;
				GCC_C_LANGUAGE_STANDARD = gnu11;
				GCC_DYNAMIC_NO_PIC = NO;
				GCC_NO_COMMON_BLOCKS = YES;
				GCC_OPTIMIZATION_LEVEL = 0;
				GCC_PREPROCESSOR_DEFINITIONS = (
					"DEBUG=1",
					"$(inherited)",
				);
				GCC_WARN_64_TO_32_BIT_CONVERSION = YES;
				GCC_WARN_ABOUT_RETURN_TYPE = YES_ERROR;
				GCC_WARN_UNDECLARED_SELECTOR = YES;
				GCC_WARN_UNINITIALIZED_AUTOS = YES_AGGRESSIVE;
				GCC_WARN_UNUSED_FUNCTION = YES;
				GCC_WARN_UNUSED_VARIABLE = YES;
				IPHONEOS_DEPLOYMENT_TARGET = 14.3;
				MTL_ENABLE_DEBUG_INFO = INCLUDE_SOURCE;
				MTL_FAST_MATH = YES;
				ONLY_ACTIVE_ARCH = YES;
				SDKROOT = iphoneos;
				SWIFT_ACTIVE_COMPILATION_CONDITIONS = DEBUG;
				SWIFT_OPTIMIZATION_LEVEL = "-Onone";
			};
			name = Debug;
		};
		F55CA90225A43BF8001A1F03 /* Release */ = {
			isa = XCBuildConfiguration;
			buildSettings = {
				ALWAYS_SEARCH_USER_PATHS = NO;
				CLANG_ANALYZER_NONNULL = YES;
				CLANG_ANALYZER_NUMBER_OBJECT_CONVERSION = YES_AGGRESSIVE;
				CLANG_CXX_LANGUAGE_STANDARD = "gnu++14";
				CLANG_CXX_LIBRARY = "libc++";
				CLANG_ENABLE_MODULES = YES;
				CLANG_ENABLE_OBJC_ARC = YES;
				CLANG_ENABLE_OBJC_WEAK = YES;
				CLANG_WARN_BLOCK_CAPTURE_AUTORELEASING = YES;
				CLANG_WARN_BOOL_CONVERSION = YES;
				CLANG_WARN_COMMA = YES;
				CLANG_WARN_CONSTANT_CONVERSION = YES;
				CLANG_WARN_DEPRECATED_OBJC_IMPLEMENTATIONS = YES;
				CLANG_WARN_DIRECT_OBJC_ISA_USAGE = YES_ERROR;
				CLANG_WARN_DOCUMENTATION_COMMENTS = YES;
				CLANG_WARN_EMPTY_BODY = YES;
				CLANG_WARN_ENUM_CONVERSION = YES;
				CLANG_WARN_INFINITE_RECURSION = YES;
				CLANG_WARN_INT_CONVERSION = YES;
				CLANG_WARN_NON_LITERAL_NULL_CONVERSION = YES;
				CLANG_WARN_OBJC_IMPLICIT_RETAIN_SELF = YES;
				CLANG_WARN_OBJC_LITERAL_CONVERSION = YES;
				CLANG_WARN_OBJC_ROOT_CLASS = YES_ERROR;
				CLANG_WARN_QUOTED_INCLUDE_IN_FRAMEWORK_HEADER = YES;
				CLANG_WARN_RANGE_LOOP_ANALYSIS = YES;
				CLANG_WARN_STRICT_PROTOTYPES = YES;
				CLANG_WARN_SUSPICIOUS_MOVE = YES;
				CLANG_WARN_UNGUARDED_AVAILABILITY = YES_AGGRESSIVE;
				CLANG_WARN_UNREACHABLE_CODE = YES;
				CLANG_WARN__DUPLICATE_METHOD_MATCH = YES;
				COPY_PHASE_STRIP = NO;
				DEBUG_INFORMATION_FORMAT = "dwarf-with-dsym";
				ENABLE_NS_ASSERTIONS = NO;
				ENABLE_STRICT_OBJC_MSGSEND = YES;
				GCC_C_LANGUAGE_STANDARD = gnu11;
				GCC_NO_COMMON_BLOCKS = YES;
				GCC_WARN_64_TO_32_BIT_CONVERSION = YES;
				GCC_WARN_ABOUT_RETURN_TYPE = YES_ERROR;
				GCC_WARN_UNDECLARED_SELECTOR = YES;
				GCC_WARN_UNINITIALIZED_AUTOS = YES_AGGRESSIVE;
				GCC_WARN_UNUSED_FUNCTION = YES;
				GCC_WARN_UNUSED_VARIABLE = YES;
				IPHONEOS_DEPLOYMENT_TARGET = 14.3;
				MTL_ENABLE_DEBUG_INFO = NO;
				MTL_FAST_MATH = YES;
				SDKROOT = iphoneos;
				SWIFT_COMPILATION_MODE = wholemodule;
				SWIFT_OPTIMIZATION_LEVEL = "-O";
				VALIDATE_PRODUCT = YES;
			};
			name = Release;
		};
		F55CA90425A43BF8001A1F03 /* Debug */ = {
			isa = XCBuildConfiguration;
			buildSettings = {
				ASSETCATALOG_COMPILER_APPICON_NAME = AppIcon;
				ASSETCATALOG_COMPILER_GLOBAL_ACCENT_COLOR_NAME = AccentColor;
				CODE_SIGN_STYLE = Automatic;
				DEVELOPMENT_TEAM = F365L3VZ9S;
				INFOPLIST_FILE = XHCloudTalk/Info.plist;
				IPHONEOS_DEPLOYMENT_TARGET = 10.0;
				LD_RUNPATH_SEARCH_PATHS = (
					"$(inherited)",
					"@executable_path/Frameworks",
				);
				MARKETING_VERSION = 1.0.0;
				PRODUCT_BUNDLE_IDENTIFIER = com.xinghaiwulian.XHCloudTalk.XHCloudTalk;
				PRODUCT_NAME = "$(TARGET_NAME)";
				SWIFT_OBJC_BRIDGING_HEADER = XHCloudTalk/CloudTalkHeader.h;
				SWIFT_VERSION = 5.0;
				TARGETED_DEVICE_FAMILY = "1,2";
			};
			name = Debug;
		};
		F55CA90525A43BF8001A1F03 /* Release */ = {
			isa = XCBuildConfiguration;
			buildSettings = {
				ASSETCATALOG_COMPILER_APPICON_NAME = AppIcon;
				ASSETCATALOG_COMPILER_GLOBAL_ACCENT_COLOR_NAME = AccentColor;
				CODE_SIGN_STYLE = Automatic;
				DEVELOPMENT_TEAM = F365L3VZ9S;
				INFOPLIST_FILE = XHCloudTalk/Info.plist;
				IPHONEOS_DEPLOYMENT_TARGET = 10.0;
				LD_RUNPATH_SEARCH_PATHS = (
					"$(inherited)",
					"@executable_path/Frameworks",
				);
				MARKETING_VERSION = 1.0.0;
				PRODUCT_BUNDLE_IDENTIFIER = com.xinghaiwulian.XHCloudTalk.XHCloudTalk;
				PRODUCT_NAME = "$(TARGET_NAME)";
				SWIFT_OBJC_BRIDGING_HEADER = XHCloudTalk/CloudTalkHeader.h;
				SWIFT_VERSION = 5.0;
				TARGETED_DEVICE_FAMILY = "1,2";
			};
			name = Release;
		};
/* End XCBuildConfiguration section */

/* Begin XCConfigurationList section */
		F55CA8EA25A43BF7001A1F03 /* Build configuration list for PBXProject "XHCloudTalk" */ = {
			isa = XCConfigurationList;
			buildConfigurations = (
				F55CA90125A43BF8001A1F03 /* Debug */,
				F55CA90225A43BF8001A1F03 /* Release */,
			);
			defaultConfigurationIsVisible = 0;
			defaultConfigurationName = Release;
		};
		F55CA90325A43BF8001A1F03 /* Build configuration list for PBXNativeTarget "XHCloudTalk" */ = {
			isa = XCConfigurationList;
			buildConfigurations = (
				F55CA90425A43BF8001A1F03 /* Debug */,
				F55CA90525A43BF8001A1F03 /* Release */,
			);
			defaultConfigurationIsVisible = 0;
			defaultConfigurationName = Release;
		};
/* End XCConfigurationList section */
	};
	rootObject = F55CA8E725A43BF7001A1F03 /* Project object */;
}
